Microsoft Visual Studio Solution File, Format Version 12.00
# Visual Studio Version 16
VisualStudioVersion = 16.0.29102.190
MinimumVisualStudioVersion = 10.0.40219.1
Project("{FAE04EC0-301F-11D3-BF4B-00C04F79EFBC}") = "Monster.TaxProvider", "Monster.TaxProvider.csproj", "{9BC6D61A-5D4B-4D57-BC6B-5E3F9D04377E}"
EndProject
Project("{FAE04EC0-301F-11D3-BF4B-00C04F79EFBC}") = "Monster.TaxTransfer", "..\Monster.TaxTransfer\Monster.TaxTransfer.csproj", "{7F7D0032-B991-43B4-B43E-29305048A8DE}"
EndProject
Project("{FAE04EC0-301F-11D3-BF4B-00C04F79EFBC}") = "Monster.TaxTransfer.Tests", "..\Monster.TaxTransfer.Tests\Monster.TaxTransfer.Tests.csproj", "{EAC76299-2E48-4231-997D-B0F67240E4E5}"
EndProject
Global
	GlobalSection(SolutionConfigurationPlatforms) = preSolution
		Debug|Any CPU = Debug|Any CPU
		Release|Any CPU = Release|Any CPU
	EndGlobalSection
	GlobalSection(ProjectConfigurationPlatforms) = postSolution
		{9BC6D61A-5D4B-4D57-BC6B-5E3F9D04377E}.Debug|Any CPU.ActiveCfg = Debug|Any CPU
		{9BC6D61A-5D4B-4D57-BC6B-5E3F9D04377E}.Debug|Any CPU.Build.0 = Debug|Any CPU
		{9BC6D61A-5D4B-4D57-BC6B-5E3F9D04377E}.Release|Any CPU.ActiveCfg = Release|Any CPU
		{9BC6D61A-5D4B-4D57-BC6B-5E3F9D04377E}.Release|Any CPU.Build.0 = Release|Any CPU
		{7F7D0032-B991-43B4-B43E-29305048A8DE}.Debug|Any CPU.ActiveCfg = Debug|Any CPU
		{7F7D0032-B991-43B4-B43E-29305048A8DE}.Debug|Any CPU.Build.0 = Debug|Any CPU
		{7F7D0032-B991-43B4-B43E-29305048A8DE}.Release|Any CPU.ActiveCfg = Release|Any CPU
		{7F7D0032-B991-43B4-B43E-29305048A8DE}.Release|Any CPU.Build.0 = Release|Any CPU
		{EAC76299-2E48-4231-997D-B0F67240E4E5}.Debug|Any CPU.ActiveCfg = Debug|Any CPU
		{EAC76299-2E48-4231-997D-B0F67240E4E5}.Debug|Any CPU.Build.0 = Debug|Any CPU
		{EAC76299-2E48-4231-997D-B0F67240E4E5}.Release|Any CPU.ActiveCfg = Release|Any CPU
		{EAC76299-2E48-4231-997D-B0F67240E4E5}.Release|Any CPU.Build.0 = Release|Any CPU
	EndGlobalSection
	GlobalSection(SolutionProperties) = preSolution
		HideSolutionNode = FALSE
	EndGlobalSection
	GlobalSection(ExtensibilityGlobals) = postSolution
		SolutionGuid = {D19E16AF-84C7-40B5-8FEF-7BB843C87536}
	EndGlobalSection
EndGlobal
